<?xml version="1.0" encoding="utf-8"?>
<Project ToolsVersion="4.0" xmlns="http://schemas.microsoft.com/developer/msbuild/2003">
  <ItemGroup>
    <ClCompile Include="AEventManager.cpp" />
    <ClCompile Include="AGraphManager.cpp" />
    <ClCompile Include="AGUIElement.cpp" />
    <ClCompile Include="AMenu.cpp" />
    <ClCompile Include="ASoundManager.cpp" />
    <ClCompile Include="Button.cpp" />
    <ClCompile Include="CheckBox.cpp" />
    <ClCompile Include="CmdManager.cpp" />
    <ClCompile Include="Color.cpp" />
    <ClCompile Include="Game.cpp" />
    <ClCompile Include="InputBox.cpp" />
    <ClCompile Include="ListBox.cpp" />
    <ClCompile Include="main.cpp" />
    <ClCompile Include="Menu.cpp" />
    <ClCompile Include="Rect.cpp" />
    <ClCompile Include="CursorBox.cpp" />
    <ClCompile Include="RectDecor.cpp" />
    <ClCompile Include="SFML.cpp" />
    <ClCompile Include="SFMLEvent.cpp" />
    <ClCompile Include="SocketClientTCP.cpp" />
    <ClCompile Include="SocketClientUDP.cpp" />
    <ClCompile Include="Sound.cpp" />
    <ClCompile Include="PathFileManager.cpp" />
    <ClCompile Include="SFMLSound.cpp" />
    <ClCompile Include="Client.cpp" />
    <ClCompile Include="APage.cpp" />
    <ClCompile Include="..\..\..\common\AMutex.cpp" />
    <ClCompile Include="..\..\..\common\AThread.cpp" />
    <ClCompile Include="..\..\..\common\AThreadPool.cpp" />
    <ClCompile Include="..\..\..\common\MemTools.cpp" />
    <ClCompile Include="..\..\..\common\Mutex.cpp" />
    <ClCompile Include="..\..\..\common\Thread.cpp" />
    <ClCompile Include="..\..\..\common\ThreadPool.cpp" />
    <ClCompile Include="..\..\..\common\Serialize\ACommand.cpp" />
    <ClCompile Include="..\..\..\common\Serialize\ChatInfoCmd.cpp" />
    <ClCompile Include="..\..\..\common\Serialize\EntityCmd.cpp" />
    <ClCompile Include="..\..\..\common\Serialize\InputCmd.cpp" />
    <ClCompile Include="..\..\..\common\Serialize\RoomInfoCmd.cpp" />
    <ClCompile Include="..\..\..\common\Serialize\Serialize.cpp" />
    <ClCompile Include="HomePage.cpp" />
    <ClCompile Include="SettingsPage.cpp" />
    <ClCompile Include="InsideRoomPage.cpp" />
    <ClCompile Include="LobbyPage.cpp" />
    <ClCompile Include="GUIPage.cpp" />
    <ClCompile Include="CreateRoomPage.cpp" />
    <ClCompile Include="EndGamePage.cpp" />
    <ClCompile Include="..\..\..\common\Serialize\BasicCmd.cpp" />
    <ClCompile Include="..\..\..\common\Serialize\ListRoomCmd.cpp" />
    <ClCompile Include="..\..\..\common\Serialize\AEntity.cpp" />
    <ClCompile Include="..\..\..\common\Serialize\Barrier.cpp" />
    <ClCompile Include="..\..\..\common\Serialize\Player.cpp" />
    <ClCompile Include="..\..\..\common\Serialize\PowerUp.cpp" />
    <ClCompile Include="..\..\..\common\Serialize\Monster.cpp" />
    <ClCompile Include="ASocketClient.cpp" />
    <ClCompile Include="PausePage.cpp" />
  </ItemGroup>
  <ItemGroup>
    <ClInclude Include="AEventManager.hh" />
    <ClInclude Include="AGraphManager.hh" />
    <ClInclude Include="AGUIElement.hh" />
    <ClInclude Include="AMenu.hh" />
    <ClInclude Include="ASocketClient.hh" />
    <ClInclude Include="ASoundManager.hh" />
    <ClInclude Include="Button.hh" />
    <ClInclude Include="CheckBox.hh" />
    <ClInclude Include="CmdManager.hh" />
    <ClInclude Include="Color.hh" />
    <ClInclude Include="Game.hh" />
    <ClInclude Include="IEventManager.hpp" />
    <ClInclude Include="IGraphManager.hpp" />
    <ClInclude Include="IGUIElement.hpp" />
    <ClInclude Include="IMenu.hpp" />
    <ClInclude Include="InputBox.hh" />
    <ClInclude Include="ISoundManager.hpp" />
    <ClInclude Include="ListBox.hh" />
    <ClInclude Include="Menu.hh" />
    <ClInclude Include="Rect.hh" />
    <ClInclude Include="CursorBox.hh" />
    <ClInclude Include="RectDecor.hh" />
    <ClInclude Include="SFML.hh" />
    <ClInclude Include="SFMLEvent.hh" />
    <ClInclude Include="SocketClientTCP.hh" />
    <ClInclude Include="SocketClientUDP.hh" />
    <ClInclude Include="Sound.hh" />
    <ClInclude Include="..\..\..\common\ISocket.hpp" />
    <ClInclude Include="PathFileManager.hh" />
    <ClInclude Include="SFMLSound.hh" />
    <ClInclude Include="Client.hh" />
    <ClInclude Include="APage.hh" />
    <ClInclude Include="IPage.hpp" />
    <ClInclude Include="..\..\..\common\AMutex.hh" />
    <ClInclude Include="..\..\..\common\AThread.hh" />
    <ClInclude Include="..\..\..\common\AThreadPool.hh" />
    <ClInclude Include="..\..\..\common\EntityType.hh" />
    <ClInclude Include="..\..\..\common\IEntity.hpp" />
    <ClInclude Include="..\..\..\common\IMutex.hpp" />
    <ClInclude Include="..\..\..\common\IThread.hpp" />
    <ClInclude Include="..\..\..\common\IThreadPool.hpp" />
    <ClInclude Include="..\..\..\common\MemTools.hh" />
    <ClInclude Include="..\..\..\common\Mutex.hh" />
    <ClInclude Include="..\..\..\common\Thread.hh" />
    <ClInclude Include="..\..\..\common\ThreadPool.hh" />
    <ClInclude Include="..\..\..\common\Serialize\ACommand.hh" />
    <ClInclude Include="..\..\..\common\Serialize\ChatInfoCmd.hh" />
    <ClInclude Include="..\..\..\common\Serialize\CmdEnum.hh" />
    <ClInclude Include="..\..\..\common\Serialize\EntityCmd.hh" />
    <ClInclude Include="..\..\..\common\Serialize\ICommand.hpp" />
    <ClInclude Include="..\..\..\common\Serialize\InputCmd.hh" />
    <ClInclude Include="..\..\..\common\Serialize\RoomInfoCmd.hh" />
    <ClInclude Include="..\..\..\common\Serialize\Serialize.hh" />
    <ClInclude Include="HomePage.hh" />
    <ClInclude Include="SettingsPage.hh" />
    <ClInclude Include="InsideRoomPage.hh" />
    <ClInclude Include="GUIPage.hh" />
    <ClInclude Include="CreateRoomPage.hh" />
    <ClInclude Include="EndGamePage.hh" />
    <ClInclude Include="..\..\..\common\Serialize\BasicCmd.hh" />
    <ClInclude Include="..\..\..\common\Serialize\ListRoomCmd.hh" />
    <ClInclude Include="..\..\..\common\Serialize\AEntity.hh" />
    <ClInclude Include="..\..\..\common\Serialize\Barrier.hh" />
    <ClInclude Include="..\..\..\common\Serialize\EntityType.hh" />
    <ClInclude Include="..\..\..\common\Serialize\IEntity.hpp" />
    <ClInclude Include="..\..\..\common\Serialize\Player.hh" />
    <ClInclude Include="..\..\..\common\Serialize\PowerUp.hh" />
    <ClInclude Include="..\..\..\common\Serialize\Monster.hh" />
    <ClInclude Include="PausePage.hh" />
  </ItemGroup>
</Project>