<?xml version="1.0" encoding="utf-8"?>
<Project ToolsVersion="4.0" xmlns="http://schemas.microsoft.com/developer/msbuild/2003">
  <ItemGroup>
    <ClCompile Include="AEventManager.cpp" />
    <ClCompile Include="AGraphManager.cpp" />
    <ClCompile Include="AGUIElement.cpp" />
    <ClCompile Include="AMenu.cpp" />
    <ClCompile Include="ASocketClient.cpp" />
    <ClCompile Include="ASoundManager.cpp" />
    <ClCompile Include="Button.cpp" />
    <ClCompile Include="CheckBox.cpp" />
    <ClCompile Include="client.cpp" />
    <ClCompile Include="CmdManager.cpp" />
    <ClCompile Include="Color.cpp" />
    <ClCompile Include="Game.cpp" />
    <ClCompile Include="InputBox.cpp" />
    <ClCompile Include="ListBox.cpp" />
    <ClCompile Include="main.cpp" />
    <ClCompile Include="Menu.cpp" />
    <ClCompile Include="Rect.cpp" />
    <ClCompile Include="CursorBox.cpp" />
    <ClCompile Include="RectDecor.cpp" />
    <ClCompile Include="SFML.cpp" />
    <ClCompile Include="SFMLEvent.cpp" />
    <ClCompile Include="SFMLSOund.cpp" />
    <ClCompile Include="SocketClientTCP.cpp" />
    <ClCompile Include="SocketClientUDP.cpp" />
    <ClCompile Include="SaveConfig.cpp" />
    <ClCompile Include="Sound.cpp" />
    <ClCompile Include="PathFileManager.cpp" />
  </ItemGroup>
  <ItemGroup>
    <ClInclude Include="AEventManager.hh" />
    <ClInclude Include="AGraphManager.hh" />
    <ClInclude Include="AGUIElement.hh" />
    <ClInclude Include="AMenu.hh" />
    <ClInclude Include="ASocketClient.hh" />
    <ClInclude Include="ASoundManager.hh" />
    <ClInclude Include="Button.hh" />
    <ClInclude Include="CheckBox.hh" />
    <ClInclude Include="client.hh" />
    <ClInclude Include="CmdManager.hh" />
    <ClInclude Include="Color.hh" />
    <ClInclude Include="Game.hh" />
    <ClInclude Include="IEventManager.hpp" />
    <ClInclude Include="IGraphManager.hpp" />
    <ClInclude Include="IGUIElement.hpp" />
    <ClInclude Include="IMenu.hpp" />
    <ClInclude Include="InputBox.hh" />
    <ClInclude Include="ISocket.hpp" />
    <ClInclude Include="ISoundManager.hpp" />
    <ClInclude Include="ListBox.hh" />
    <ClInclude Include="Menu.hh" />
    <ClInclude Include="Rect.hh" />
    <ClInclude Include="CursorBox.hh" />
    <ClInclude Include="RectDecor.hh" />
    <ClInclude Include="SFML.hh" />
    <ClInclude Include="SFMLEvent.hh" />
    <ClInclude Include="SFMLSOund.hh" />
    <ClInclude Include="SocketClientTCP.hh" />
    <ClInclude Include="SocketClientUDP.hh" />
    <ClInclude Include="SaveConfig.hh" />
    <ClInclude Include="Sound.hh" />
    <ClInclude Include="..\..\..\common\ISocket.hpp" />
    <ClInclude Include="PathFileManager.hh" />
  </ItemGroup>
</Project>